
Microsoft Visual Studio Solution File, Format Version 12.00
# Visual Studio 15
VisualStudioVersion = 15.0.28010.2019
MinimumVisualStudioVersion = 10.0.40219.1
Project("{FAE04EC0-301F-11D3-BF4B-00C04F79EFBC}") = "WebApplicationSqlCache", "WebApplicationSqlCache\WebApplicationSqlCache.csproj", "{E1B7AEB3-7E98-468F-A6C0-97E471DFE99E}"
EndProject
Project("{FAE04EC0-301F-11D3-BF4B-00C04F79EFBC}") = "SqlCaching", "..\SqlCaching\SqlCaching.csproj", "{1FE5F4D8-B5D2-40FE-A88A-B51C2B52D215}"
EndProject
Global
	GlobalSection(SolutionConfigurationPlatforms) = preSolution
		Debug|Any CPU = Debug|Any CPU
		Release|Any CPU = Release|Any CPU
	EndGlobalSection
	GlobalSection(ProjectConfigurationPlatforms) = postSolution
		{E1B7AEB3-7E98-468F-A6C0-97E471DFE99E}.Debug|Any CPU.ActiveCfg = Debug|Any CPU
		{E1B7AEB3-7E98-468F-A6C0-97E471DFE99E}.Debug|Any CPU.Build.0 = Debug|Any CPU
		{E1B7AEB3-7E98-468F-A6C0-97E471DFE99E}.Release|Any CPU.ActiveCfg = Release|Any CPU
		{E1B7AEB3-7E98-468F-A6C0-97E471DFE99E}.Release|Any CPU.Build.0 = Release|Any CPU
		{1FE5F4D8-B5D2-40FE-A88A-B51C2B52D215}.Debug|Any CPU.ActiveCfg = Debug|Any CPU
		{1FE5F4D8-B5D2-40FE-A88A-B51C2B52D215}.Debug|Any CPU.Build.0 = Debug|Any CPU
		{1FE5F4D8-B5D2-40FE-A88A-B51C2B52D215}.Release|Any CPU.ActiveCfg = Release|Any CPU
		{1FE5F4D8-B5D2-40FE-A88A-B51C2B52D215}.Release|Any CPU.Build.0 = Release|Any CPU
	EndGlobalSection
	GlobalSection(SolutionProperties) = preSolution
		HideSolutionNode = FALSE
	EndGlobalSection
	GlobalSection(ExtensibilityGlobals) = postSolution
		SolutionGuid = {8C80479B-4B80-40C6-8210-4C2414EFC623}
	EndGlobalSection
EndGlobal
